
Microsoft Visual Studio Solution File, Format Version 12.00
# Visual Studio Version 17
VisualStudioVersion = 17.7.34202.233
MinimumVisualStudioVersion = 10.0.40219.1
Project("{FAE04EC0-301F-11D3-BF4B-00C04F79EFBC}") = "ECommerceASP", "ECommerceASP\ECommerceASP.csproj", "{5065A2A2-940C-4214-952B-6D4964023F27}"
EndProject
Global
	GlobalSection(SolutionConfigurationPlatforms) = preSolution
		Debug|Any CPU = Debug|Any CPU
		Release|Any CPU = Release|Any CPU
	EndGlobalSection
	GlobalSection(ProjectConfigurationPlatforms) = postSolution
		{5065A2A2-940C-4214-952B-6D4964023F27}.Debug|Any CPU.ActiveCfg = Debug|Any CPU
		{5065A2A2-940C-4214-952B-6D4964023F27}.Debug|Any CPU.Build.0 = Debug|Any CPU
		{5065A2A2-940C-4214-952B-6D4964023F27}.Release|Any CPU.ActiveCfg = Release|Any CPU
		{5065A2A2-940C-4214-952B-6D4964023F27}.Release|Any CPU.Build.0 = Release|Any CPU
	EndGlobalSection
	GlobalSection(SolutionProperties) = preSolution
		HideSolutionNode = FALSE
	EndGlobalSection
	GlobalSection(ExtensibilityGlobals) = postSolution
		SolutionGuid = {D4405BDC-C2D1-42B9-951C-5AC8D0D1EA73}
	EndGlobalSection
EndGlobal
